
Microsoft Visual Studio Solution File, Format Version 12.00
Project("{FAE04EC0-301F-11D3-BF4B-00C04F79EFBC}") = "GameStore.API", "GameStore.API.csproj", "{507E007E-A7CC-407F-8B44-1F9FC3CF33ED}"
EndProject
Global
	GlobalSection(SolutionConfigurationPlatforms) = preSolution
		Debug|Any CPU = Debug|Any CPU
		Release|Any CPU = Release|Any CPU
	EndGlobalSection
	GlobalSection(ProjectConfigurationPlatforms) = postSolution
		{507E007E-A7CC-407F-8B44-1F9FC3CF33ED}.Debug|Any CPU.ActiveCfg = Debug|Any CPU
		{507E007E-A7CC-407F-8B44-1F9FC3CF33ED}.Debug|Any CPU.Build.0 = Debug|Any CPU
		{507E007E-A7CC-407F-8B44-1F9FC3CF33ED}.Release|Any CPU.ActiveCfg = Release|Any CPU
		{507E007E-A7CC-407F-8B44-1F9FC3CF33ED}.Release|Any CPU.Build.0 = Release|Any CPU
	EndGlobalSection
EndGlobal
